
Microsoft Visual Studio Solution File, Format Version 12.00
# Visual Studio Version 16
VisualStudioVersion = 16.0.30717.126
MinimumVisualStudioVersion = 10.0.40219.1
Project("{2150E333-8FDC-42A3-9474-1A3956D46DE8}") = "Solution Items", "Solution Items", "{7BE4B549-589E-4958-86A0-50BA2AE72FFB}"
	ProjectSection(SolutionItems) = preProject
		.editorconfig = .editorconfig
		README.md = README.md
	EndProjectSection
EndProject
Project("{2150E333-8FDC-42A3-9474-1A3956D46DE8}") = "src", "src", "{FB7043BA-64FF-40BF-B515-471D1E9B06E6}"
EndProject
Project("{9A19103F-16F7-4668-BE54-9A1E7A4F7556}") = "01.AdventOfCode", "01.AdventOfCode\01.AdventOfCode.csproj", "{20ADD0CE-FC60-4E0F-83A6-3C31EFE6FF33}"
EndProject
Project("{9A19103F-16F7-4668-BE54-9A1E7A4F7556}") = "02.AdventOfCode", "02.AdventOfCode\02.AdventOfCode.csproj", "{20440889-9678-41EF-98AC-96AAF72AFE84}"
EndProject
Project("{FAE04EC0-301F-11D3-BF4B-00C04F79EFBC}") = "03.AdventOfCode", "03.AdventOfCode\03.AdventOfCode.csproj", "{B95E46FF-D875-415F-B785-D568B5F0A50B}"
EndProject
Project("{FAE04EC0-301F-11D3-BF4B-00C04F79EFBC}") = "04.AdventOfCode", "04.AdventOfCode\04.AdventOfCode.csproj", "{99610330-77EC-4354-893C-7AE0FE52FFC4}"
EndProject
Global
	GlobalSection(SolutionConfigurationPlatforms) = preSolution
		Debug|Any CPU = Debug|Any CPU
		Release|Any CPU = Release|Any CPU
	EndGlobalSection
	GlobalSection(ProjectConfigurationPlatforms) = postSolution
		{20ADD0CE-FC60-4E0F-83A6-3C31EFE6FF33}.Debug|Any CPU.ActiveCfg = Debug|Any CPU
		{20ADD0CE-FC60-4E0F-83A6-3C31EFE6FF33}.Debug|Any CPU.Build.0 = Debug|Any CPU
		{20ADD0CE-FC60-4E0F-83A6-3C31EFE6FF33}.Release|Any CPU.ActiveCfg = Release|Any CPU
		{20ADD0CE-FC60-4E0F-83A6-3C31EFE6FF33}.Release|Any CPU.Build.0 = Release|Any CPU
		{20440889-9678-41EF-98AC-96AAF72AFE84}.Debug|Any CPU.ActiveCfg = Debug|Any CPU
		{20440889-9678-41EF-98AC-96AAF72AFE84}.Debug|Any CPU.Build.0 = Debug|Any CPU
		{20440889-9678-41EF-98AC-96AAF72AFE84}.Release|Any CPU.ActiveCfg = Release|Any CPU
		{20440889-9678-41EF-98AC-96AAF72AFE84}.Release|Any CPU.Build.0 = Release|Any CPU
		{B95E46FF-D875-415F-B785-D568B5F0A50B}.Debug|Any CPU.ActiveCfg = Debug|Any CPU
		{B95E46FF-D875-415F-B785-D568B5F0A50B}.Debug|Any CPU.Build.0 = Debug|Any CPU
		{B95E46FF-D875-415F-B785-D568B5F0A50B}.Release|Any CPU.ActiveCfg = Release|Any CPU
		{B95E46FF-D875-415F-B785-D568B5F0A50B}.Release|Any CPU.Build.0 = Release|Any CPU
		{99610330-77EC-4354-893C-7AE0FE52FFC4}.Debug|Any CPU.ActiveCfg = Debug|Any CPU
		{99610330-77EC-4354-893C-7AE0FE52FFC4}.Debug|Any CPU.Build.0 = Debug|Any CPU
		{99610330-77EC-4354-893C-7AE0FE52FFC4}.Release|Any CPU.ActiveCfg = Release|Any CPU
		{99610330-77EC-4354-893C-7AE0FE52FFC4}.Release|Any CPU.Build.0 = Release|Any CPU
	EndGlobalSection
	GlobalSection(SolutionProperties) = preSolution
		HideSolutionNode = FALSE
	EndGlobalSection
	GlobalSection(NestedProjects) = preSolution
		{20ADD0CE-FC60-4E0F-83A6-3C31EFE6FF33} = {FB7043BA-64FF-40BF-B515-471D1E9B06E6}
		{20440889-9678-41EF-98AC-96AAF72AFE84} = {FB7043BA-64FF-40BF-B515-471D1E9B06E6}
		{B95E46FF-D875-415F-B785-D568B5F0A50B} = {FB7043BA-64FF-40BF-B515-471D1E9B06E6}
		{99610330-77EC-4354-893C-7AE0FE52FFC4} = {FB7043BA-64FF-40BF-B515-471D1E9B06E6}
	EndGlobalSection
	GlobalSection(ExtensibilityGlobals) = postSolution
		SolutionGuid = {84EF21EA-C6E4-4B55-A6A0-D76D75D68A6E}
	EndGlobalSection
EndGlobal
